
Microsoft Visual Studio Solution File, Format Version 12.00
# Visual Studio Version 16
VisualStudioVersion = 16.0.31025.194
MinimumVisualStudioVersion = 10.0.40219.1
Project("{FAE04EC0-301F-11D3-BF4B-00C04F79EFBC}") = "WebApplication1", "WebApplication1\WebApplication1.csproj", "{35270938-1FBD-4C66-946C-CD2E1BFF5CFE}"
EndProject
Global
	GlobalSection(SolutionConfigurationPlatforms) = preSolution
		Debug|Any CPU = Debug|Any CPU
		Release|Any CPU = Release|Any CPU
	EndGlobalSection
	GlobalSection(ProjectConfigurationPlatforms) = postSolution
		{35270938-1FBD-4C66-946C-CD2E1BFF5CFE}.Debug|Any CPU.ActiveCfg = Debug|Any CPU
		{35270938-1FBD-4C66-946C-CD2E1BFF5CFE}.Debug|Any CPU.Build.0 = Debug|Any CPU
		{35270938-1FBD-4C66-946C-CD2E1BFF5CFE}.Release|Any CPU.ActiveCfg = Release|Any CPU
		{35270938-1FBD-4C66-946C-CD2E1BFF5CFE}.Release|Any CPU.Build.0 = Release|Any CPU
	EndGlobalSection
	GlobalSection(SolutionProperties) = preSolution
		HideSolutionNode = FALSE
	EndGlobalSection
	GlobalSection(ExtensibilityGlobals) = postSolution
		SolutionGuid = {F324BC9E-6903-45CD-9254-9D7F0D81BBA2}
	EndGlobalSection
EndGlobal
