
Microsoft Visual Studio Solution File, Format Version 12.00
# Visual Studio Version 16
VisualStudioVersion = 16.0.31729.503
MinimumVisualStudioVersion = 10.0.40219.1
Project("{8BC9CEB8-8B4A-11D0-8D11-00A0C91BC942}") = "TMW.Base", "..\..\..\..\..\ReposGIT\TedisNet\Src\Extern\TMWICCP\Common\TMW.Base\TMW.Base.vcxproj", "{A67CE8F6-9249-4302-BB62-31AAA78E7890}"
	ProjectSection(ProjectDependencies) = postProject
		{E761660F-5376-8EC0-1CF8-312088CB8AF1} = {E761660F-5376-8EC0-1CF8-312088CB8AF1}
		{BDE08DAF-A9AD-E8BA-D2C6-D662BEF21D49} = {BDE08DAF-A9AD-E8BA-D2C6-D662BEF21D49}
		{1C6AA9F9-0837-0405-3150-F2AC1D7C3993} = {1C6AA9F9-0837-0405-3150-F2AC1D7C3993}
	EndProjectSection
EndProject
Project("{8BC9CEB8-8B4A-11D0-8D11-00A0C91BC942}") = "TMWBase", "..\..\..\..\..\ReposGIT\TedisNet\Src\Extern\TMWICCP\Common\TMWBase\TMWBase.vcxproj", "{D8F5C4FF-44D5-439B-4DED-CE71B94BAAFC}"
EndProject
Project("{8BC9CEB8-8B4A-11D0-8D11-00A0C91BC942}") = "TMWBaseCPP", "..\..\..\..\..\ReposGIT\TedisNet\Src\Extern\TMWICCP\Common\TMWBaseCPP\TMWBaseCPP.vcxproj", "{7B6E14A0-6726-56ED-D02D-2F49BC04F1DD}"
EndProject
Project("{8BC9CEB8-8B4A-11D0-8D11-00A0C91BC942}") = "cLibrary", "..\..\..\..\..\ReposGIT\TedisNet\Src\Extern\TMWICCP\Common\vendor\cLibrary.vcxproj", "{BDE08DAF-A9AD-E8BA-D2C6-D662BEF21D49}"
EndProject
Project("{8BC9CEB8-8B4A-11D0-8D11-00A0C91BC942}") = "TMW.Tase2", "..\..\..\..\..\ReposGIT\TedisNet\Src\Extern\TMWICCP\Tase2\TMW.Tase2\TMW.Tase2.vcxproj", "{AACA3DD5-1635-F24B-5F73-A3F1CB1CD0A0}"
	ProjectSection(ProjectDependencies) = postProject
		{E761660F-5376-8EC0-1CF8-312088CB8AF1} = {E761660F-5376-8EC0-1CF8-312088CB8AF1}
		{BDE08DAF-A9AD-E8BA-D2C6-D662BEF21D49} = {BDE08DAF-A9AD-E8BA-D2C6-D662BEF21D49}
	EndProjectSection
EndProject
Project("{8BC9CEB8-8B4A-11D0-8D11-00A0C91BC942}") = "TMWTase2", "..\..\..\..\..\ReposGIT\TedisNet\Src\Extern\TMWICCP\Tase2\TMWTase2\TMWTase2.vcxproj", "{1C6AA9F9-0837-0405-3150-F2AC1D7C3993}"
EndProject
Project("{8BC9CEB8-8B4A-11D0-8D11-00A0C91BC942}") = "expat", "..\..\..\..\..\ReposGIT\TedisNet\Src\Extern\TMWICCP\ThirdParty\expat\expat.vcxproj", "{E761660F-5376-8EC0-1CF8-312088CB8AF1}"
EndProject
Project("{8BC9CEB8-8B4A-11D0-8D11-00A0C91BC942}") = "Dll1", "Dll1\Dll1.vcxproj", "{FCFD82C6-F1A8-44D6-9777-E89B3B81EFB1}"
EndProject
Project("{FAE04EC0-301F-11D3-BF4B-00C04F79EFBC}") = "ConsoleApp1", "ConsoleApp1\ConsoleApp1.csproj", "{04002694-498F-4036-9838-50AB8A53D853}"
EndProject
Global
	GlobalSection(SolutionConfigurationPlatforms) = preSolution
		Debug|Any CPU = Debug|Any CPU
		Debug|x64 = Debug|x64
		Debug|x86 = Debug|x86
		Release|Any CPU = Release|Any CPU
		Release|x64 = Release|x64
		Release|x86 = Release|x86
	EndGlobalSection
	GlobalSection(ProjectConfigurationPlatforms) = postSolution
		{A67CE8F6-9249-4302-BB62-31AAA78E7890}.Debug|Any CPU.ActiveCfg = Debug|Win32
		{A67CE8F6-9249-4302-BB62-31AAA78E7890}.Debug|x64.ActiveCfg = Debug|x64
		{A67CE8F6-9249-4302-BB62-31AAA78E7890}.Debug|x64.Build.0 = Debug|x64
		{A67CE8F6-9249-4302-BB62-31AAA78E7890}.Debug|x86.ActiveCfg = Debug|Win32
		{A67CE8F6-9249-4302-BB62-31AAA78E7890}.Debug|x86.Build.0 = Debug|Win32
		{A67CE8F6-9249-4302-BB62-31AAA78E7890}.Release|Any CPU.ActiveCfg = Release|Win32
		{A67CE8F6-9249-4302-BB62-31AAA78E7890}.Release|x64.ActiveCfg = Release|x64
		{A67CE8F6-9249-4302-BB62-31AAA78E7890}.Release|x64.Build.0 = Release|x64
		{A67CE8F6-9249-4302-BB62-31AAA78E7890}.Release|x86.ActiveCfg = Release|Win32
		{A67CE8F6-9249-4302-BB62-31AAA78E7890}.Release|x86.Build.0 = Release|Win32
		{D8F5C4FF-44D5-439B-4DED-CE71B94BAAFC}.Debug|Any CPU.ActiveCfg = Debug|Win32
		{D8F5C4FF-44D5-439B-4DED-CE71B94BAAFC}.Debug|x64.ActiveCfg = Debug|x64
		{D8F5C4FF-44D5-439B-4DED-CE71B94BAAFC}.Debug|x64.Build.0 = Debug|x64
		{D8F5C4FF-44D5-439B-4DED-CE71B94BAAFC}.Debug|x86.ActiveCfg = Debug|Win32
		{D8F5C4FF-44D5-439B-4DED-CE71B94BAAFC}.Debug|x86.Build.0 = Debug|Win32
		{D8F5C4FF-44D5-439B-4DED-CE71B94BAAFC}.Release|Any CPU.ActiveCfg = Release|Win32
		{D8F5C4FF-44D5-439B-4DED-CE71B94BAAFC}.Release|x64.ActiveCfg = Release|x64
		{D8F5C4FF-44D5-439B-4DED-CE71B94BAAFC}.Release|x64.Build.0 = Release|x64
		{D8F5C4FF-44D5-439B-4DED-CE71B94BAAFC}.Release|x86.ActiveCfg = Release|Win32
		{D8F5C4FF-44D5-439B-4DED-CE71B94BAAFC}.Release|x86.Build.0 = Release|Win32
		{7B6E14A0-6726-56ED-D02D-2F49BC04F1DD}.Debug|Any CPU.ActiveCfg = Debug|Win32
		{7B6E14A0-6726-56ED-D02D-2F49BC04F1DD}.Debug|x64.ActiveCfg = Debug|x64
		{7B6E14A0-6726-56ED-D02D-2F49BC04F1DD}.Debug|x64.Build.0 = Debug|x64
		{7B6E14A0-6726-56ED-D02D-2F49BC04F1DD}.Debug|x86.ActiveCfg = Debug|Win32
		{7B6E14A0-6726-56ED-D02D-2F49BC04F1DD}.Debug|x86.Build.0 = Debug|Win32
		{7B6E14A0-6726-56ED-D02D-2F49BC04F1DD}.Release|Any CPU.ActiveCfg = Release|Win32
		{7B6E14A0-6726-56ED-D02D-2F49BC04F1DD}.Release|x64.ActiveCfg = Release|x64
		{7B6E14A0-6726-56ED-D02D-2F49BC04F1DD}.Release|x64.Build.0 = Release|x64
		{7B6E14A0-6726-56ED-D02D-2F49BC04F1DD}.Release|x86.ActiveCfg = Release|Win32
		{7B6E14A0-6726-56ED-D02D-2F49BC04F1DD}.Release|x86.Build.0 = Release|Win32
		{BDE08DAF-A9AD-E8BA-D2C6-D662BEF21D49}.Debug|Any CPU.ActiveCfg = Debug|Win32
		{BDE08DAF-A9AD-E8BA-D2C6-D662BEF21D49}.Debug|x64.ActiveCfg = Debug|x64
		{BDE08DAF-A9AD-E8BA-D2C6-D662BEF21D49}.Debug|x64.Build.0 = Debug|x64
		{BDE08DAF-A9AD-E8BA-D2C6-D662BEF21D49}.Debug|x86.ActiveCfg = Debug|Win32
		{BDE08DAF-A9AD-E8BA-D2C6-D662BEF21D49}.Debug|x86.Build.0 = Debug|Win32
		{BDE08DAF-A9AD-E8BA-D2C6-D662BEF21D49}.Release|Any CPU.ActiveCfg = Release|Win32
		{BDE08DAF-A9AD-E8BA-D2C6-D662BEF21D49}.Release|x64.ActiveCfg = Release|x64
		{BDE08DAF-A9AD-E8BA-D2C6-D662BEF21D49}.Release|x64.Build.0 = Release|x64
		{BDE08DAF-A9AD-E8BA-D2C6-D662BEF21D49}.Release|x86.ActiveCfg = Release|Win32
		{BDE08DAF-A9AD-E8BA-D2C6-D662BEF21D49}.Release|x86.Build.0 = Release|Win32
		{AACA3DD5-1635-F24B-5F73-A3F1CB1CD0A0}.Debug|Any CPU.ActiveCfg = Debug|Win32
		{AACA3DD5-1635-F24B-5F73-A3F1CB1CD0A0}.Debug|x64.ActiveCfg = Debug|x64
		{AACA3DD5-1635-F24B-5F73-A3F1CB1CD0A0}.Debug|x64.Build.0 = Debug|x64
		{AACA3DD5-1635-F24B-5F73-A3F1CB1CD0A0}.Debug|x86.ActiveCfg = Debug|Win32
		{AACA3DD5-1635-F24B-5F73-A3F1CB1CD0A0}.Debug|x86.Build.0 = Debug|Win32
		{AACA3DD5-1635-F24B-5F73-A3F1CB1CD0A0}.Release|Any CPU.ActiveCfg = Release|Win32
		{AACA3DD5-1635-F24B-5F73-A3F1CB1CD0A0}.Release|x64.ActiveCfg = Release|x64
		{AACA3DD5-1635-F24B-5F73-A3F1CB1CD0A0}.Release|x64.Build.0 = Release|x64
		{AACA3DD5-1635-F24B-5F73-A3F1CB1CD0A0}.Release|x86.ActiveCfg = Release|Win32
		{AACA3DD5-1635-F24B-5F73-A3F1CB1CD0A0}.Release|x86.Build.0 = Release|Win32
		{1C6AA9F9-0837-0405-3150-F2AC1D7C3993}.Debug|Any CPU.ActiveCfg = Debug|Win32
		{1C6AA9F9-0837-0405-3150-F2AC1D7C3993}.Debug|x64.ActiveCfg = Debug|x64
		{1C6AA9F9-0837-0405-3150-F2AC1D7C3993}.Debug|x64.Build.0 = Debug|x64
		{1C6AA9F9-0837-0405-3150-F2AC1D7C3993}.Debug|x86.ActiveCfg = Debug|Win32
		{1C6AA9F9-0837-0405-3150-F2AC1D7C3993}.Debug|x86.Build.0 = Debug|Win32
		{1C6AA9F9-0837-0405-3150-F2AC1D7C3993}.Release|Any CPU.ActiveCfg = Release|Win32
		{1C6AA9F9-0837-0405-3150-F2AC1D7C3993}.Release|x64.ActiveCfg = Release|x64
		{1C6AA9F9-0837-0405-3150-F2AC1D7C3993}.Release|x64.Build.0 = Release|x64
		{1C6AA9F9-0837-0405-3150-F2AC1D7C3993}.Release|x86.ActiveCfg = Release|Win32
		{1C6AA9F9-0837-0405-3150-F2AC1D7C3993}.Release|x86.Build.0 = Release|Win32
		{E761660F-5376-8EC0-1CF8-312088CB8AF1}.Debug|Any CPU.ActiveCfg = Debug|Win32
		{E761660F-5376-8EC0-1CF8-312088CB8AF1}.Debug|x64.ActiveCfg = Debug|x64
		{E761660F-5376-8EC0-1CF8-312088CB8AF1}.Debug|x64.Build.0 = Debug|x64
		{E761660F-5376-8EC0-1CF8-312088CB8AF1}.Debug|x86.ActiveCfg = Debug|Win32
		{E761660F-5376-8EC0-1CF8-312088CB8AF1}.Debug|x86.Build.0 = Debug|Win32
		{E761660F-5376-8EC0-1CF8-312088CB8AF1}.Release|Any CPU.ActiveCfg = Release|Win32
		{E761660F-5376-8EC0-1CF8-312088CB8AF1}.Release|x64.ActiveCfg = Release|x64
		{E761660F-5376-8EC0-1CF8-312088CB8AF1}.Release|x64.Build.0 = Release|x64
		{E761660F-5376-8EC0-1CF8-312088CB8AF1}.Release|x86.ActiveCfg = Release|Win32
		{E761660F-5376-8EC0-1CF8-312088CB8AF1}.Release|x86.Build.0 = Release|Win32
		{FCFD82C6-F1A8-44D6-9777-E89B3B81EFB1}.Debug|Any CPU.ActiveCfg = Debug|Win32
		{FCFD82C6-F1A8-44D6-9777-E89B3B81EFB1}.Debug|x64.ActiveCfg = Debug|x64
		{FCFD82C6-F1A8-44D6-9777-E89B3B81EFB1}.Debug|x64.Build.0 = Debug|x64
		{FCFD82C6-F1A8-44D6-9777-E89B3B81EFB1}.Debug|x86.ActiveCfg = Debug|Win32
		{FCFD82C6-F1A8-44D6-9777-E89B3B81EFB1}.Debug|x86.Build.0 = Debug|Win32
		{FCFD82C6-F1A8-44D6-9777-E89B3B81EFB1}.Release|Any CPU.ActiveCfg = Release|Win32
		{FCFD82C6-F1A8-44D6-9777-E89B3B81EFB1}.Release|x64.ActiveCfg = Release|x64
		{FCFD82C6-F1A8-44D6-9777-E89B3B81EFB1}.Release|x64.Build.0 = Release|x64
		{FCFD82C6-F1A8-44D6-9777-E89B3B81EFB1}.Release|x86.ActiveCfg = Release|Win32
		{FCFD82C6-F1A8-44D6-9777-E89B3B81EFB1}.Release|x86.Build.0 = Release|Win32
		{04002694-498F-4036-9838-50AB8A53D853}.Debug|Any CPU.ActiveCfg = Debug|Any CPU
		{04002694-498F-4036-9838-50AB8A53D853}.Debug|Any CPU.Build.0 = Debug|Any CPU
		{04002694-498F-4036-9838-50AB8A53D853}.Debug|x64.ActiveCfg = Debug|Any CPU
		{04002694-498F-4036-9838-50AB8A53D853}.Debug|x64.Build.0 = Debug|Any CPU
		{04002694-498F-4036-9838-50AB8A53D853}.Debug|x86.ActiveCfg = Debug|Any CPU
		{04002694-498F-4036-9838-50AB8A53D853}.Debug|x86.Build.0 = Debug|Any CPU
		{04002694-498F-4036-9838-50AB8A53D853}.Release|Any CPU.ActiveCfg = Release|Any CPU
		{04002694-498F-4036-9838-50AB8A53D853}.Release|Any CPU.Build.0 = Release|Any CPU
		{04002694-498F-4036-9838-50AB8A53D853}.Release|x64.ActiveCfg = Release|Any CPU
		{04002694-498F-4036-9838-50AB8A53D853}.Release|x64.Build.0 = Release|Any CPU
		{04002694-498F-4036-9838-50AB8A53D853}.Release|x86.ActiveCfg = Release|Any CPU
		{04002694-498F-4036-9838-50AB8A53D853}.Release|x86.Build.0 = Release|Any CPU
	EndGlobalSection
	GlobalSection(SolutionProperties) = preSolution
		HideSolutionNode = FALSE
	EndGlobalSection
	GlobalSection(ExtensibilityGlobals) = postSolution
		SolutionGuid = {E71DB504-182C-4C67-9801-CB9A9C09D559}
	EndGlobalSection
EndGlobal
