
Microsoft Visual Studio Solution File, Format Version 12.00
# Visual Studio Version 16
VisualStudioVersion = 16.0.30804.86
MinimumVisualStudioVersion = 10.0.40219.1
Project("{FAE04EC0-301F-11D3-BF4B-00C04F79EFBC}") = "SitelERP", "SitelERP\SitelERP.csproj", "{0FC4852C-826C-41C1-8D05-CF2BCF12B4C5}"
EndProject
Project("{FAE04EC0-301F-11D3-BF4B-00C04F79EFBC}") = "ExcelManagement", "ExcelManagement\ExcelManagement.csproj", "{D1B10861-8521-43D0-A21C-42C341DD4F32}"
EndProject
Project("{FAE04EC0-301F-11D3-BF4B-00C04F79EFBC}") = "SitelCommon", "SitelCommon\SitelCommon.csproj", "{8B72F7F6-80CC-491F-9211-CAF6033276AA}"
EndProject
Global
	GlobalSection(SolutionConfigurationPlatforms) = preSolution
		Debug|Any CPU = Debug|Any CPU
		Release|Any CPU = Release|Any CPU
	EndGlobalSection
	GlobalSection(ProjectConfigurationPlatforms) = postSolution
		{0FC4852C-826C-41C1-8D05-CF2BCF12B4C5}.Debug|Any CPU.ActiveCfg = Debug|Any CPU
		{0FC4852C-826C-41C1-8D05-CF2BCF12B4C5}.Debug|Any CPU.Build.0 = Debug|Any CPU
		{0FC4852C-826C-41C1-8D05-CF2BCF12B4C5}.Release|Any CPU.ActiveCfg = Release|Any CPU
		{0FC4852C-826C-41C1-8D05-CF2BCF12B4C5}.Release|Any CPU.Build.0 = Release|Any CPU
		{D1B10861-8521-43D0-A21C-42C341DD4F32}.Debug|Any CPU.ActiveCfg = Debug|Any CPU
		{D1B10861-8521-43D0-A21C-42C341DD4F32}.Debug|Any CPU.Build.0 = Debug|Any CPU
		{D1B10861-8521-43D0-A21C-42C341DD4F32}.Release|Any CPU.ActiveCfg = Release|Any CPU
		{D1B10861-8521-43D0-A21C-42C341DD4F32}.Release|Any CPU.Build.0 = Release|Any CPU
		{8B72F7F6-80CC-491F-9211-CAF6033276AA}.Debug|Any CPU.ActiveCfg = Debug|Any CPU
		{8B72F7F6-80CC-491F-9211-CAF6033276AA}.Debug|Any CPU.Build.0 = Debug|Any CPU
		{8B72F7F6-80CC-491F-9211-CAF6033276AA}.Release|Any CPU.ActiveCfg = Release|Any CPU
		{8B72F7F6-80CC-491F-9211-CAF6033276AA}.Release|Any CPU.Build.0 = Release|Any CPU
	EndGlobalSection
	GlobalSection(SolutionProperties) = preSolution
		HideSolutionNode = FALSE
	EndGlobalSection
	GlobalSection(ExtensibilityGlobals) = postSolution
		SolutionGuid = {2D550686-ABB8-4CD7-AE0E-B3DFF8155312}
	EndGlobalSection
EndGlobal
