
Microsoft Visual Studio Solution File, Format Version 12.00
# Visual Studio Version 16
VisualStudioVersion = 16.0.31105.61
MinimumVisualStudioVersion = 10.0.40219.1
Project("{FAE04EC0-301F-11D3-BF4B-00C04F79EFBC}") = "EMailTest", "EMailTest\EMailTest.csproj", "{0A522281-9817-4AE6-928D-F59F5CFFF516}"
EndProject
Global
	GlobalSection(SolutionConfigurationPlatforms) = preSolution
		Debug|Any CPU = Debug|Any CPU
		Release|Any CPU = Release|Any CPU
	EndGlobalSection
	GlobalSection(ProjectConfigurationPlatforms) = postSolution
		{0A522281-9817-4AE6-928D-F59F5CFFF516}.Debug|Any CPU.ActiveCfg = Debug|Any CPU
		{0A522281-9817-4AE6-928D-F59F5CFFF516}.Debug|Any CPU.Build.0 = Debug|Any CPU
		{0A522281-9817-4AE6-928D-F59F5CFFF516}.Release|Any CPU.ActiveCfg = Release|Any CPU
		{0A522281-9817-4AE6-928D-F59F5CFFF516}.Release|Any CPU.Build.0 = Release|Any CPU
	EndGlobalSection
	GlobalSection(SolutionProperties) = preSolution
		HideSolutionNode = FALSE
	EndGlobalSection
	GlobalSection(ExtensibilityGlobals) = postSolution
		SolutionGuid = {FFF4E0C8-E14E-4401-9EB0-8BDC5CEE60A0}
	EndGlobalSection
EndGlobal
